
Microsoft Visual Studio Solution File, Format Version 12.00
# Visual Studio 15
VisualStudioVersion = 15.0.28307.1231
MinimumVisualStudioVersion = 10.0.40219.1
Project("{FAE04EC0-301F-11D3-BF4B-00C04F79EFBC}") = "HegyekMo", "HegyekMo\HegyekMo.csproj", "{57D6A9F9-4703-4D3D-968E-0D7CC65E7FAF}"
EndProject
Global
	GlobalSection(SolutionConfigurationPlatforms) = preSolution
		Debug|Any CPU = Debug|Any CPU
		Release|Any CPU = Release|Any CPU
	EndGlobalSection
	GlobalSection(ProjectConfigurationPlatforms) = postSolution
		{57D6A9F9-4703-4D3D-968E-0D7CC65E7FAF}.Debug|Any CPU.ActiveCfg = Debug|Any CPU
		{57D6A9F9-4703-4D3D-968E-0D7CC65E7FAF}.Debug|Any CPU.Build.0 = Debug|Any CPU
		{57D6A9F9-4703-4D3D-968E-0D7CC65E7FAF}.Release|Any CPU.ActiveCfg = Release|Any CPU
		{57D6A9F9-4703-4D3D-968E-0D7CC65E7FAF}.Release|Any CPU.Build.0 = Release|Any CPU
	EndGlobalSection
	GlobalSection(SolutionProperties) = preSolution
		HideSolutionNode = FALSE
	EndGlobalSection
	GlobalSection(ExtensibilityGlobals) = postSolution
		SolutionGuid = {B482C9C3-39CD-486E-BD28-CA1A7421E180}
	EndGlobalSection
EndGlobal
